<?xml version="1.0" encoding="utf-8"?>
<Project ToolsVersion="4.0" xmlns="http://schemas.microsoft.com/developer/msbuild/2003">
  <ItemGroup>
    <Filter Include="Source Files">
      <UniqueIdentifier>{4FC737F1-C7A5-4376-A066-2A32D752A2FF}</UniqueIdentifier>
      <Extensions>cpp;c;cc;cxx;def;odl;idl;hpj;bat;asm;asmx</Extensions>
    </Filter>
    <Filter Include="Header Files">
      <UniqueIdentifier>{93995380-89BD-4b04-88EB-625FBE52EBFB}</UniqueIdentifier>
      <Extensions>h;hh;hpp;hxx;hm;inl;inc;xsd</Extensions>
    </Filter>
    <Filter Include="Resource Files">
      <UniqueIdentifier>{67DA6AB6-F800-4c08-8B7A-83BB121AAD01}</UniqueIdentifier>
      <Extensions>rc;ico;cur;bmp;dlg;rc2;rct;bin;rgs;gif;jpg;jpeg;jpe;resx;tiff;tif;png;wav;mfcribbon-ms</Extensions>
    </Filter>
    <Filter Include="Header Files\Tests">
      <UniqueIdentifier>{ec1c3bc1-5b82-4c79-9fc7-c5cb48f4737b}</UniqueIdentifier>
    </Filter>
    <Filter Include="Data Structures">
      <UniqueIdentifier>{a4214544-c5f2-4211-96a1-e7251098ec95}</UniqueIdentifier>
    </Filter>
  </ItemGroup>
  <ItemGroup>
    <ClCompile Include="main.cpp">
      <Filter>Source Files</Filter>
    </ClCompile>
    <ClCompile Include="CircleHitBox.cpp">
      <Filter>Source Files</Filter>
    </ClCompile>
    <ClCompile Include="Circle.cpp">
      <Filter>Source Files</Filter>
    </ClCompile>
    <ClCompile Include="HitBox.cpp">
      <Filter>Source Files</Filter>
    </ClCompile>
    <ClCompile Include="Rectangle.cpp">
      <Filter>Source Files</Filter>
    </ClCompile>
    <ClCompile Include="sprite.cpp">
      <Filter>Source Files</Filter>
    </ClCompile>
  </ItemGroup>
  <ItemGroup>
    <ClInclude Include="CircleHitBox.h">
      <Filter>Header Files</Filter>
    </ClInclude>
    <ClInclude Include="HitBox.h">
      <Filter>Header Files</Filter>
    </ClInclude>
    <ClInclude Include="Rectangle.h">
      <Filter>Header Files</Filter>
    </ClInclude>
    <ClInclude Include="CircleColTest.h">
      <Filter>Header Files\Tests</Filter>
    </ClInclude>
    <ClInclude Include="KeyBoardTest.h">
      <Filter>Header Files\Tests</Filter>
    </ClInclude>
    <ClInclude Include="RectColTest.h">
      <Filter>Header Files\Tests</Filter>
    </ClInclude>
    <ClInclude Include="SoundTest.h">
      <Filter>Header Files\Tests</Filter>
    </ClInclude>
    <ClInclude Include="TextureTest.h">
      <Filter>Header Files\Tests</Filter>
    </ClInclude>
    <ClInclude Include="sprite.h">
      <Filter>Header Files</Filter>
    </ClInclude>
    <ClInclude Include="PixelPerfectTest.h">
      <Filter>Header Files\Tests</Filter>
    </ClInclude>
    <ClInclude Include="QuadTree.h">
      <Filter>Data Structures</Filter>
    </ClInclude>
    <ClInclude Include="QuadTreeTest.h">
      <Filter>Header Files\Tests</Filter>
    </ClInclude>
    <ClInclude Include="Circle.h">
      <Filter>Header Files\Tests</Filter>
    </ClInclude>
  </ItemGroup>
</Project>